// !$*UTF8*$!
{
	archiveVersion = 1;
	classes = {
	};
	objectVersion = 50;
	objects = {

/* Begin PBXBuildFile section */
		32AB3BAF43505FA903647CAA /* libPods-ORMForFMDB.a in Frameworks */ = {isa = PBXBuildFile; fileRef = E35287C6AE634843CC5EAE85 /* libPods-ORMForFMDB.a */; };
		815337611C0DD9BA134ABE66 /* libPods-ORMForFMDBTests.a in Frameworks */ = {isa = PBXBuildFile; fileRef = 6CC17A6696D014A5167A35A8 /* libPods-ORMForFMDBTests.a */; };
		84FD8F7A22890C3100BC2BE6 /* AppDelegate.m in Sources */ = {isa = PBXBuildFile; fileRef = 84FD8F7922890C3100BC2BE6 /* AppDelegate.m */; };
		84FD8F7D22890C3100BC2BE6 /* ViewController.m in Sources */ = {isa = PBXBuildFile; fileRef = 84FD8F7C22890C3100BC2BE6 /* ViewController.m */; };
		84FD8F8022890C3100BC2BE6 /* Main.storyboard in Resources */ = {isa = PBXBuildFile; fileRef = 84FD8F7E22890C3100BC2BE6 /* Main.storyboard */; };
		84FD8F8222890C3200BC2BE6 /* Assets.xcassets in Resources */ = {isa = PBXBuildFile; fileRef = 84FD8F8122890C3200BC2BE6 /* Assets.xcassets */; };
		84FD8F8522890C3200BC2BE6 /* LaunchScreen.storyboard in Resources */ = {isa = PBXBuildFile; fileRef = 84FD8F8322890C3200BC2BE6 /* LaunchScreen.storyboard */; };
		84FD8F8822890C3200BC2BE6 /* main.m in Sources */ = {isa = PBXBuildFile; fileRef = 84FD8F8722890C3200BC2BE6 /* main.m */; };
		84FD8F9222890C3200BC2BE6 /* ORMForFMDBTests.m in Sources */ = {isa = PBXBuildFile; fileRef = 84FD8F9122890C3200BC2BE6 /* ORMForFMDBTests.m */; };
		84FD8FA722890E8500BC2BE6 /* SendFileManager.m in Sources */ = {isa = PBXBuildFile; fileRef = 84FD8FA222890E8500BC2BE6 /* SendFileManager.m */; };
		84FD8FA822890E8500BC2BE6 /* LKDaoBase.m in Sources */ = {isa = PBXBuildFile; fileRef = 84FD8FA322890E8500BC2BE6 /* LKDaoBase.m */; };
		84FD8FA922890E8500BC2BE6 /* ReceiveFileManager.m in Sources */ = {isa = PBXBuildFile; fileRef = 84FD8FA422890E8500BC2BE6 /* ReceiveFileManager.m */; };
		84FD8FAD22890F2800BC2BE6 /* SandboxFile.m in Sources */ = {isa = PBXBuildFile; fileRef = 84FD8FAC22890F2700BC2BE6 /* SandboxFile.m */; };
		84FD8FB1228911DA00BC2BE6 /* VerificationCodeDao.m in Sources */ = {isa = PBXBuildFile; fileRef = 84FD8FB0228911D900BC2BE6 /* VerificationCodeDao.m */; };
		84FD8FB4228911F200BC2BE6 /* VerificationCodeModel.m in Sources */ = {isa = PBXBuildFile; fileRef = 84FD8FB3228911F200BC2BE6 /* VerificationCodeModel.m */; };
		84FD8FB82289126500BC2BE6 /* DataFactory.m in Sources */ = {isa = PBXBuildFile; fileRef = 84FD8FB62289126500BC2BE6 /* DataFactory.m */; };
		84FD8FD02289136700BC2BE6 /* BCSqliteType.m in Sources */ = {isa = PBXBuildFile; fileRef = 84FD8FBD2289136700BC2BE6 /* BCSqliteType.m */; };
		84FD8FD12289136700BC2BE6 /* BCSqlInt.m in Sources */ = {isa = PBXBuildFile; fileRef = 84FD8FBE2289136700BC2BE6 /* BCSqlInt.m */; };
		84FD8FD22289136700BC2BE6 /* BCSqlReal.m in Sources */ = {isa = PBXBuildFile; fileRef = 84FD8FBF2289136700BC2BE6 /* BCSqlReal.m */; };
		84FD8FD32289136700BC2BE6 /* BCSqlText.m in Sources */ = {isa = PBXBuildFile; fileRef = 84FD8FC02289136700BC2BE6 /* BCSqlText.m */; };
		84FD8FD42289136700BC2BE6 /* BCConstraints.m in Sources */ = {isa = PBXBuildFile; fileRef = 84FD8FC92289136700BC2BE6 /* BCConstraints.m */; };
		84FD8FD52289136700BC2BE6 /* BCReferences.m in Sources */ = {isa = PBXBuildFile; fileRef = 84FD8FCA2289136700BC2BE6 /* BCReferences.m */; };
		84FD8FD62289136700BC2BE6 /* BCORMHelper.m in Sources */ = {isa = PBXBuildFile; fileRef = 84FD8FCB2289136700BC2BE6 /* BCORMHelper.m */; };
		84FD8FD72289136700BC2BE6 /* BCSqlParameter.m in Sources */ = {isa = PBXBuildFile; fileRef = 84FD8FCC2289136700BC2BE6 /* BCSqlParameter.m */; };
		84FD8FE2228913F200BC2BE6 /* FMDatabase+InMemoryOnDiskIO.m in Sources */ = {isa = PBXBuildFile; fileRef = 84FD8FDB228913F200BC2BE6 /* FMDatabase+InMemoryOnDiskIO.m */; };
		84FD8FE3228913F200BC2BE6 /* FMDatabase+FTS3.m in Sources */ = {isa = PBXBuildFile; fileRef = 84FD8FDD228913F200BC2BE6 /* FMDatabase+FTS3.m */; };
		84FD8FE4228913F200BC2BE6 /* FMTokenizers.m in Sources */ = {isa = PBXBuildFile; fileRef = 84FD8FDF228913F200BC2BE6 /* FMTokenizers.m */; };
		84FD8FE82289161A00BC2BE6 /* BCDB-main.m in Sources */ = {isa = PBXBuildFile; fileRef = 84FD8FE72289161A00BC2BE6 /* BCDB-main.m */; };
		84FD8FEA2289175E00BC2BE6 /* class UML.png in Resources */ = {isa = PBXBuildFile; fileRef = 84FD8FE92289175E00BC2BE6 /* class UML.png */; };
/* End PBXBuildFile section */

/* Begin PBXContainerItemProxy section */
		84FD8F8E22890C3200BC2BE6 /* PBXContainerItemProxy */ = {
			isa = PBXContainerItemProxy;
			containerPortal = 84FD8F6D22890C3100BC2BE6 /* Project object */;
			proxyType = 1;
			remoteGlobalIDString = 84FD8F7422890C3100BC2BE6;
			remoteInfo = ORMForFMDB;
		};
/* End PBXContainerItemProxy section */

/* Begin PBXFileReference section */
		5629DB6D12D160742B1B8269 /* Pods-ORMForFMDB.release.xcconfig */ = {isa = PBXFileReference; includeInIndex = 1; lastKnownFileType = text.xcconfig; name = "Pods-ORMForFMDB.release.xcconfig"; path = "Pods/Target Support Files/Pods-ORMForFMDB/Pods-ORMForFMDB.release.xcconfig"; sourceTree = "<group>"; };
		65333C1A2F99B0974BBDE556 /* Pods-ORMForFMDB.debug.xcconfig */ = {isa = PBXFileReference; includeInIndex = 1; lastKnownFileType = text.xcconfig; name = "Pods-ORMForFMDB.debug.xcconfig"; path = "Pods/Target Support Files/Pods-ORMForFMDB/Pods-ORMForFMDB.debug.xcconfig"; sourceTree = "<group>"; };
		6CC17A6696D014A5167A35A8 /* libPods-ORMForFMDBTests.a */ = {isa = PBXFileReference; explicitFileType = archive.ar; includeInIndex = 0; path = "libPods-ORMForFMDBTests.a"; sourceTree = BUILT_PRODUCTS_DIR; };
		7D64CAFB1B31CBDBD56F2021 /* Pods-ORMForFMDBTests.debug.xcconfig */ = {isa = PBXFileReference; includeInIndex = 1; lastKnownFileType = text.xcconfig; name = "Pods-ORMForFMDBTests.debug.xcconfig"; path = "Pods/Target Support Files/Pods-ORMForFMDBTests/Pods-ORMForFMDBTests.debug.xcconfig"; sourceTree = "<group>"; };
		84FD8F7522890C3100BC2BE6 /* ORMForFMDB.app */ = {isa = PBXFileReference; explicitFileType = wrapper.application; includeInIndex = 0; path = ORMForFMDB.app; sourceTree = BUILT_PRODUCTS_DIR; };
		84FD8F7822890C3100BC2BE6 /* AppDelegate.h */ = {isa = PBXFileReference; lastKnownFileType = sourcecode.c.h; path = AppDelegate.h; sourceTree = "<group>"; };
		84FD8F7922890C3100BC2BE6 /* AppDelegate.m */ = {isa = PBXFileReference; lastKnownFileType = sourcecode.c.objc; path = AppDelegate.m; sourceTree = "<group>"; };
		84FD8F7B22890C3100BC2BE6 /* ViewController.h */ = {isa = PBXFileReference; lastKnownFileType = sourcecode.c.h; path = ViewController.h; sourceTree = "<group>"; };
		84FD8F7C22890C3100BC2BE6 /* ViewController.m */ = {isa = PBXFileReference; lastKnownFileType = sourcecode.c.objc; path = ViewController.m; sourceTree = "<group>"; };
		84FD8F7F22890C3100BC2BE6 /* Base */ = {isa = PBXFileReference; lastKnownFileType = file.storyboard; name = Base; path = Base.lproj/Main.storyboard; sourceTree = "<group>"; };
		84FD8F8122890C3200BC2BE6 /* Assets.xcassets */ = {isa = PBXFileReference; lastKnownFileType = folder.assetcatalog; path = Assets.xcassets; sourceTree = "<group>"; };
		84FD8F8422890C3200BC2BE6 /* Base */ = {isa = PBXFileReference; lastKnownFileType = file.storyboard; name = Base; path = Base.lproj/LaunchScreen.storyboard; sourceTree = "<group>"; };
		84FD8F8622890C3200BC2BE6 /* Info.plist */ = {isa = PBXFileReference; lastKnownFileType = text.plist.xml; path = Info.plist; sourceTree = "<group>"; };
		84FD8F8722890C3200BC2BE6 /* main.m */ = {isa = PBXFileReference; lastKnownFileType = sourcecode.c.objc; path = main.m; sourceTree = "<group>"; };
		84FD8F8D22890C3200BC2BE6 /* ORMForFMDBTests.xctest */ = {isa = PBXFileReference; explicitFileType = wrapper.cfbundle; includeInIndex = 0; path = ORMForFMDBTests.xctest; sourceTree = BUILT_PRODUCTS_DIR; };
		84FD8F9122890C3200BC2BE6 /* ORMForFMDBTests.m */ = {isa = PBXFileReference; lastKnownFileType = sourcecode.c.objc; path = ORMForFMDBTests.m; sourceTree = "<group>"; };
		84FD8F9322890C3200BC2BE6 /* Info.plist */ = {isa = PBXFileReference; lastKnownFileType = text.plist.xml; path = Info.plist; sourceTree = "<group>"; };
		84FD8F9C22890C9E00BC2BE6 /* README.md */ = {isa = PBXFileReference; lastKnownFileType = net.daringfireball.markdown; path = README.md; sourceTree = "<group>"; };
		84FD8FA122890E8500BC2BE6 /* SendFileManager.h */ = {isa = PBXFileReference; fileEncoding = 4; lastKnownFileType = sourcecode.c.h; path = SendFileManager.h; sourceTree = "<group>"; };
		84FD8FA222890E8500BC2BE6 /* SendFileManager.m */ = {isa = PBXFileReference; fileEncoding = 4; lastKnownFileType = sourcecode.c.objc; path = SendFileManager.m; sourceTree = "<group>"; };
		84FD8FA322890E8500BC2BE6 /* LKDaoBase.m */ = {isa = PBXFileReference; fileEncoding = 4; lastKnownFileType = sourcecode.c.objc; path = LKDaoBase.m; sourceTree = "<group>"; };
		84FD8FA422890E8500BC2BE6 /* ReceiveFileManager.m */ = {isa = PBXFileReference; fileEncoding = 4; lastKnownFileType = sourcecode.c.objc; path = ReceiveFileManager.m; sourceTree = "<group>"; };
		84FD8FA522890E8500BC2BE6 /* ReceiveFileManager.h */ = {isa = PBXFileReference; fileEncoding = 4; lastKnownFileType = sourcecode.c.h; path = ReceiveFileManager.h; sourceTree = "<group>"; };
		84FD8FA622890E8500BC2BE6 /* LKDaoBase.h */ = {isa = PBXFileReference; fileEncoding = 4; lastKnownFileType = sourcecode.c.h; path = LKDaoBase.h; sourceTree = "<group>"; };
		84FD8FAA22890EEE00BC2BE6 /* Singleton.h */ = {isa = PBXFileReference; fileEncoding = 4; lastKnownFileType = sourcecode.c.h; path = Singleton.h; sourceTree = "<group>"; };
		84FD8FAB22890F2700BC2BE6 /* SandboxFile.h */ = {isa = PBXFileReference; fileEncoding = 4; lastKnownFileType = sourcecode.c.h; path = SandboxFile.h; sourceTree = "<group>"; };
		84FD8FAC22890F2700BC2BE6 /* SandboxFile.m */ = {isa = PBXFileReference; fileEncoding = 4; lastKnownFileType = sourcecode.c.objc; path = SandboxFile.m; sourceTree = "<group>"; };
		84FD8FAF228911D900BC2BE6 /* VerificationCodeDao.h */ = {isa = PBXFileReference; fileEncoding = 4; lastKnownFileType = sourcecode.c.h; path = VerificationCodeDao.h; sourceTree = "<group>"; };
		84FD8FB0228911D900BC2BE6 /* VerificationCodeDao.m */ = {isa = PBXFileReference; fileEncoding = 4; lastKnownFileType = sourcecode.c.objc; path = VerificationCodeDao.m; sourceTree = "<group>"; };
		84FD8FB2228911F200BC2BE6 /* VerificationCodeModel.h */ = {isa = PBXFileReference; fileEncoding = 4; lastKnownFileType = sourcecode.c.h; path = VerificationCodeModel.h; sourceTree = "<group>"; };
		84FD8FB3228911F200BC2BE6 /* VerificationCodeModel.m */ = {isa = PBXFileReference; fileEncoding = 4; lastKnownFileType = sourcecode.c.objc; path = VerificationCodeModel.m; sourceTree = "<group>"; };
		84FD8FB62289126500BC2BE6 /* DataFactory.m */ = {isa = PBXFileReference; fileEncoding = 4; lastKnownFileType = sourcecode.c.objc; path = DataFactory.m; sourceTree = "<group>"; };
		84FD8FB72289126500BC2BE6 /* DataFactory.h */ = {isa = PBXFileReference; fileEncoding = 4; lastKnownFileType = sourcecode.c.h; path = DataFactory.h; sourceTree = "<group>"; };
		84FD8FBB2289136700BC2BE6 /* BCORMEntityProtocol.h */ = {isa = PBXFileReference; fileEncoding = 4; lastKnownFileType = sourcecode.c.h; path = BCORMEntityProtocol.h; sourceTree = "<group>"; };
		84FD8FBD2289136700BC2BE6 /* BCSqliteType.m */ = {isa = PBXFileReference; fileEncoding = 4; lastKnownFileType = sourcecode.c.objc; path = BCSqliteType.m; sourceTree = "<group>"; };
		84FD8FBE2289136700BC2BE6 /* BCSqlInt.m */ = {isa = PBXFileReference; fileEncoding = 4; lastKnownFileType = sourcecode.c.objc; path = BCSqlInt.m; sourceTree = "<group>"; };
		84FD8FBF2289136700BC2BE6 /* BCSqlReal.m */ = {isa = PBXFileReference; fileEncoding = 4; lastKnownFileType = sourcecode.c.objc; path = BCSqlReal.m; sourceTree = "<group>"; };
		84FD8FC02289136700BC2BE6 /* BCSqlText.m */ = {isa = PBXFileReference; fileEncoding = 4; lastKnownFileType = sourcecode.c.objc; path = BCSqlText.m; sourceTree = "<group>"; };
		84FD8FC12289136700BC2BE6 /* BCSqliteType.h */ = {isa = PBXFileReference; fileEncoding = 4; lastKnownFileType = sourcecode.c.h; path = BCSqliteType.h; sourceTree = "<group>"; };
		84FD8FC22289136700BC2BE6 /* BCSqlReal.h */ = {isa = PBXFileReference; fileEncoding = 4; lastKnownFileType = sourcecode.c.h; path = BCSqlReal.h; sourceTree = "<group>"; };
		84FD8FC32289136700BC2BE6 /* BCSqlInt.h */ = {isa = PBXFileReference; fileEncoding = 4; lastKnownFileType = sourcecode.c.h; path = BCSqlInt.h; sourceTree = "<group>"; };
		84FD8FC42289136700BC2BE6 /* BCSqlText.h */ = {isa = PBXFileReference; fileEncoding = 4; lastKnownFileType = sourcecode.c.h; path = BCSqlText.h; sourceTree = "<group>"; };
		84FD8FC52289136700BC2BE6 /* BCSqlParameter.h */ = {isa = PBXFileReference; fileEncoding = 4; lastKnownFileType = sourcecode.c.h; path = BCSqlParameter.h; sourceTree = "<group>"; };
		84FD8FC72289136700BC2BE6 /* BCConstraints.h */ = {isa = PBXFileReference; fileEncoding = 4; lastKnownFileType = sourcecode.c.h; path = BCConstraints.h; sourceTree = "<group>"; };
		84FD8FC82289136700BC2BE6 /* BCReferences.h */ = {isa = PBXFileReference; fileEncoding = 4; lastKnownFileType = sourcecode.c.h; path = BCReferences.h; sourceTree = "<group>"; };
		84FD8FC92289136700BC2BE6 /* BCConstraints.m */ = {isa = PBXFileReference; fileEncoding = 4; lastKnownFileType = sourcecode.c.objc; path = BCConstraints.m; sourceTree = "<group>"; };
		84FD8FCA2289136700BC2BE6 /* BCReferences.m */ = {isa = PBXFileReference; fileEncoding = 4; lastKnownFileType = sourcecode.c.objc; path = BCReferences.m; sourceTree = "<group>"; };
		84FD8FCB2289136700BC2BE6 /* BCORMHelper.m */ = {isa = PBXFileReference; fileEncoding = 4; lastKnownFileType = sourcecode.c.objc; path = BCORMHelper.m; sourceTree = "<group>"; };
		84FD8FCC2289136700BC2BE6 /* BCSqlParameter.m */ = {isa = PBXFileReference; fileEncoding = 4; lastKnownFileType = sourcecode.c.objc; path = BCSqlParameter.m; sourceTree = "<group>"; };
		84FD8FCD2289136700BC2BE6 /* BCDB.h */ = {isa = PBXFileReference; fileEncoding = 4; lastKnownFileType = sourcecode.c.h; path = BCDB.h; sourceTree = "<group>"; };
		84FD8FCE2289136700BC2BE6 /* BCORMHeader.h */ = {isa = PBXFileReference; fileEncoding = 4; lastKnownFileType = sourcecode.c.h; path = BCORMHeader.h; sourceTree = "<group>"; };
		84FD8FCF2289136700BC2BE6 /* BCORMHelper.h */ = {isa = PBXFileReference; fileEncoding = 4; lastKnownFileType = sourcecode.c.h; path = BCORMHelper.h; sourceTree = "<group>"; };
		84FD8FDA228913F200BC2BE6 /* FMDatabase+InMemoryOnDiskIO.h */ = {isa = PBXFileReference; fileEncoding = 4; lastKnownFileType = sourcecode.c.h; path = "FMDatabase+InMemoryOnDiskIO.h"; sourceTree = "<group>"; };
		84FD8FDB228913F200BC2BE6 /* FMDatabase+InMemoryOnDiskIO.m */ = {isa = PBXFileReference; fileEncoding = 4; lastKnownFileType = sourcecode.c.objc; path = "FMDatabase+InMemoryOnDiskIO.m"; sourceTree = "<group>"; };
		84FD8FDD228913F200BC2BE6 /* FMDatabase+FTS3.m */ = {isa = PBXFileReference; fileEncoding = 4; lastKnownFileType = sourcecode.c.objc; path = "FMDatabase+FTS3.m"; sourceTree = "<group>"; };
		84FD8FDE228913F200BC2BE6 /* FMTokenizers.h */ = {isa = PBXFileReference; fileEncoding = 4; lastKnownFileType = sourcecode.c.h; path = FMTokenizers.h; sourceTree = "<group>"; };
		84FD8FDF228913F200BC2BE6 /* FMTokenizers.m */ = {isa = PBXFileReference; fileEncoding = 4; lastKnownFileType = sourcecode.c.objc; path = FMTokenizers.m; sourceTree = "<group>"; };
		84FD8FE0228913F200BC2BE6 /* FMDatabase+FTS3.h */ = {isa = PBXFileReference; fileEncoding = 4; lastKnownFileType = sourcecode.c.h; path = "FMDatabase+FTS3.h"; sourceTree = "<group>"; };
		84FD8FE1228913F200BC2BE6 /* fts3_tokenizer.h */ = {isa = PBXFileReference; fileEncoding = 4; lastKnownFileType = sourcecode.c.h; path = fts3_tokenizer.h; sourceTree = "<group>"; };
		84FD8FE72289161A00BC2BE6 /* BCDB-main.m */ = {isa = PBXFileReference; fileEncoding = 4; lastKnownFileType = sourcecode.c.objc; path = "BCDB-main.m"; sourceTree = "<group>"; };
		84FD8FE92289175E00BC2BE6 /* class UML.png */ = {isa = PBXFileReference; lastKnownFileType = image.png; path = "class UML.png"; sourceTree = "<group>"; };
		84FD8FEC228918A900BC2BE6 /* FMDB-main.m */ = {isa = PBXFileReference; fileEncoding = 4; lastKnownFileType = sourcecode.c.objc; path = "FMDB-main.m"; sourceTree = "<group>"; };
		E35287C6AE634843CC5EAE85 /* libPods-ORMForFMDB.a */ = {isa = PBXFileReference; explicitFileType = archive.ar; includeInIndex = 0; path = "libPods-ORMForFMDB.a"; sourceTree = BUILT_PRODUCTS_DIR; };
		ECA6C38A18E137CBA7B18190 /* Pods-ORMForFMDBTests.release.xcconfig */ = {isa = PBXFileReference; includeInIndex = 1; lastKnownFileType = text.xcconfig; name = "Pods-ORMForFMDBTests.release.xcconfig"; path = "Pods/Target Support Files/Pods-ORMForFMDBTests/Pods-ORMForFMDBTests.release.xcconfig"; sourceTree = "<group>"; };
/* End PBXFileReference section */

/* Begin PBXFrameworksBuildPhase section */
		84FD8F7222890C3100BC2BE6 /* Frameworks */ = {
			isa = PBXFrameworksBuildPhase;
			buildActionMask = 2147483647;
			files = (
				32AB3BAF43505FA903647CAA /* libPods-ORMForFMDB.a in Frameworks */,
			);
			runOnlyForDeploymentPostprocessing = 0;
		};
		84FD8F8A22890C3200BC2BE6 /* Frameworks */ = {
			isa = PBXFrameworksBuildPhase;
			buildActionMask = 2147483647;
			files = (
				815337611C0DD9BA134ABE66 /* libPods-ORMForFMDBTests.a in Frameworks */,
			);
			runOnlyForDeploymentPostprocessing = 0;
		};
/* End PBXFrameworksBuildPhase section */

/* Begin PBXGroup section */
		2885B8203F8F3924D774A177 /* Frameworks */ = {
			isa = PBXGroup;
			children = (
				E35287C6AE634843CC5EAE85 /* libPods-ORMForFMDB.a */,
				6CC17A6696D014A5167A35A8 /* libPods-ORMForFMDBTests.a */,
			);
			name = Frameworks;
			sourceTree = "<group>";
		};
		84FD8F6C22890C3100BC2BE6 = {
			isa = PBXGroup;
			children = (
				84FD8F9C22890C9E00BC2BE6 /* README.md */,
				84FD8F7722890C3100BC2BE6 /* ORMForFMDB */,
				84FD8F9022890C3200BC2BE6 /* ORMForFMDBTests */,
				84FD8F7622890C3100BC2BE6 /* Products */,
				D8A799ECCC059EA9CF19E8E0 /* Pods */,
				2885B8203F8F3924D774A177 /* Frameworks */,
			);
			sourceTree = "<group>";
		};
		84FD8F7622890C3100BC2BE6 /* Products */ = {
			isa = PBXGroup;
			children = (
				84FD8F7522890C3100BC2BE6 /* ORMForFMDB.app */,
				84FD8F8D22890C3200BC2BE6 /* ORMForFMDBTests.xctest */,
			);
			name = Products;
			sourceTree = "<group>";
		};
		84FD8F7722890C3100BC2BE6 /* ORMForFMDB */ = {
			isa = PBXGroup;
			children = (
				84FD8FEE2289192700BC2BE6 /* ORM */,
				84FD8F7822890C3100BC2BE6 /* AppDelegate.h */,
				84FD8F7922890C3100BC2BE6 /* AppDelegate.m */,
				84FD8F7B22890C3100BC2BE6 /* ViewController.h */,
				84FD8F7C22890C3100BC2BE6 /* ViewController.m */,
				84FD8F7E22890C3100BC2BE6 /* Main.storyboard */,
				84FD8F8122890C3200BC2BE6 /* Assets.xcassets */,
				84FD8F8322890C3200BC2BE6 /* LaunchScreen.storyboard */,
				84FD8F8622890C3200BC2BE6 /* Info.plist */,
				84FD8F8722890C3200BC2BE6 /* main.m */,
			);
			path = ORMForFMDB;
			sourceTree = "<group>";
		};
		84FD8F9022890C3200BC2BE6 /* ORMForFMDBTests */ = {
			isa = PBXGroup;
			children = (
				84FD8F9122890C3200BC2BE6 /* ORMForFMDBTests.m */,
				84FD8F9322890C3200BC2BE6 /* Info.plist */,
			);
			path = ORMForFMDBTests;
			sourceTree = "<group>";
		};
		84FD8F9D22890DF500BC2BE6 /* 第一种 */ = {
			isa = PBXGroup;
			children = (
				84FD8F9E22890E2300BC2BE6 /* Dao */,
				84FD8F9F22890E2B00BC2BE6 /* Model */,
				84FD8FE62289148000BC2BE6 /* Lib */,
			);
			path = "第一种";
			sourceTree = "<group>";
		};
		84FD8F9E22890E2300BC2BE6 /* Dao */ = {
			isa = PBXGroup;
			children = (
				84FD8FAF228911D900BC2BE6 /* VerificationCodeDao.h */,
				84FD8FB0228911D900BC2BE6 /* VerificationCodeDao.m */,
			);
			path = Dao;
			sourceTree = "<group>";
		};
		84FD8F9F22890E2B00BC2BE6 /* Model */ = {
			isa = PBXGroup;
			children = (
				84FD8FB2228911F200BC2BE6 /* VerificationCodeModel.h */,
				84FD8FB3228911F200BC2BE6 /* VerificationCodeModel.m */,
			);
			path = Model;
			sourceTree = "<group>";
		};
		84FD8FA022890E3600BC2BE6 /* DB */ = {
			isa = PBXGroup;
			children = (
				84FD8FA622890E8500BC2BE6 /* LKDaoBase.h */,
				84FD8FA322890E8500BC2BE6 /* LKDaoBase.m */,
				84FD8FB72289126500BC2BE6 /* DataFactory.h */,
				84FD8FB62289126500BC2BE6 /* DataFactory.m */,
				84FD8FA522890E8500BC2BE6 /* ReceiveFileManager.h */,
				84FD8FA422890E8500BC2BE6 /* ReceiveFileManager.m */,
				84FD8FA122890E8500BC2BE6 /* SendFileManager.h */,
				84FD8FA222890E8500BC2BE6 /* SendFileManager.m */,
			);
			path = DB;
			sourceTree = "<group>";
		};
		84FD8FB52289124400BC2BE6 /* Util */ = {
			isa = PBXGroup;
			children = (
				84FD8FAB22890F2700BC2BE6 /* SandboxFile.h */,
				84FD8FAC22890F2700BC2BE6 /* SandboxFile.m */,
				84FD8FAA22890EEE00BC2BE6 /* Singleton.h */,
			);
			path = Util;
			sourceTree = "<group>";
		};
		84FD8FB92289135400BC2BE6 /* 第二种 */ = {
			isa = PBXGroup;
			children = (
				84FD8FEC228918A900BC2BE6 /* FMDB-main.m */,
				84FD8FE72289161A00BC2BE6 /* BCDB-main.m */,
				84FD8FE52289145800BC2BE6 /* Lib */,
			);
			path = "第二种";
			sourceTree = "<group>";
		};
		84FD8FBA2289136700BC2BE6 /* BCSqliteORM */ = {
			isa = PBXGroup;
			children = (
				84FD8FCD2289136700BC2BE6 /* BCDB.h */,
				84FD8FCE2289136700BC2BE6 /* BCORMHeader.h */,
				84FD8FBB2289136700BC2BE6 /* BCORMEntityProtocol.h */,
				84FD8FCF2289136700BC2BE6 /* BCORMHelper.h */,
				84FD8FCB2289136700BC2BE6 /* BCORMHelper.m */,
				84FD8FC52289136700BC2BE6 /* BCSqlParameter.h */,
				84FD8FCC2289136700BC2BE6 /* BCSqlParameter.m */,
				84FD8FBC2289136700BC2BE6 /* SqliteType */,
				84FD8FC62289136700BC2BE6 /* SqliteConstraints */,
			);
			path = BCSqliteORM;
			sourceTree = "<group>";
		};
		84FD8FBC2289136700BC2BE6 /* SqliteType */ = {
			isa = PBXGroup;
			children = (
				84FD8FC32289136700BC2BE6 /* BCSqlInt.h */,
				84FD8FBE2289136700BC2BE6 /* BCSqlInt.m */,
				84FD8FC22289136700BC2BE6 /* BCSqlReal.h */,
				84FD8FBF2289136700BC2BE6 /* BCSqlReal.m */,
				84FD8FC42289136700BC2BE6 /* BCSqlText.h */,
				84FD8FC02289136700BC2BE6 /* BCSqlText.m */,
				84FD8FC12289136700BC2BE6 /* BCSqliteType.h */,
				84FD8FBD2289136700BC2BE6 /* BCSqliteType.m */,
			);
			path = SqliteType;
			sourceTree = "<group>";
		};
		84FD8FC62289136700BC2BE6 /* SqliteConstraints */ = {
			isa = PBXGroup;
			children = (
				84FD8FC72289136700BC2BE6 /* BCConstraints.h */,
				84FD8FC92289136700BC2BE6 /* BCConstraints.m */,
				84FD8FC82289136700BC2BE6 /* BCReferences.h */,
				84FD8FCA2289136700BC2BE6 /* BCReferences.m */,
			);
			path = SqliteConstraints;
			sourceTree = "<group>";
		};
		84FD8FD8228913DC00BC2BE6 /* FFDB-extra */ = {
			isa = PBXGroup;
			children = (
				84FD8FDC228913F200BC2BE6 /* fts3 */,
				84FD8FD9228913F200BC2BE6 /* InMemoryOnDiskIO */,
			);
			path = "FFDB-extra";
			sourceTree = "<group>";
		};
		84FD8FD9228913F200BC2BE6 /* InMemoryOnDiskIO */ = {
			isa = PBXGroup;
			children = (
				84FD8FDA228913F200BC2BE6 /* FMDatabase+InMemoryOnDiskIO.h */,
				84FD8FDB228913F200BC2BE6 /* FMDatabase+InMemoryOnDiskIO.m */,
			);
			path = InMemoryOnDiskIO;
			sourceTree = "<group>";
		};
		84FD8FDC228913F200BC2BE6 /* fts3 */ = {
			isa = PBXGroup;
			children = (
				84FD8FE1228913F200BC2BE6 /* fts3_tokenizer.h */,
				84FD8FDE228913F200BC2BE6 /* FMTokenizers.h */,
				84FD8FDF228913F200BC2BE6 /* FMTokenizers.m */,
				84FD8FE0228913F200BC2BE6 /* FMDatabase+FTS3.h */,
				84FD8FDD228913F200BC2BE6 /* FMDatabase+FTS3.m */,
			);
			path = fts3;
			sourceTree = "<group>";
		};
		84FD8FE52289145800BC2BE6 /* Lib */ = {
			isa = PBXGroup;
			children = (
				84FD8FE92289175E00BC2BE6 /* class UML.png */,
				84FD8FD8228913DC00BC2BE6 /* FFDB-extra */,
				84FD8FBA2289136700BC2BE6 /* BCSqliteORM */,
			);
			path = Lib;
			sourceTree = "<group>";
		};
		84FD8FE62289148000BC2BE6 /* Lib */ = {
			isa = PBXGroup;
			children = (
				84FD8FB52289124400BC2BE6 /* Util */,
				84FD8FA022890E3600BC2BE6 /* DB */,
			);
			path = Lib;
			sourceTree = "<group>";
		};
		84FD8FEE2289192700BC2BE6 /* ORM */ = {
			isa = PBXGroup;
			children = (
				84FD8F9D22890DF500BC2BE6 /* 第一种 */,
				84FD8FB92289135400BC2BE6 /* 第二种 */,
			);
			path = ORM;
			sourceTree = "<group>";
		};
		D8A799ECCC059EA9CF19E8E0 /* Pods */ = {
			isa = PBXGroup;
			children = (
				65333C1A2F99B0974BBDE556 /* Pods-ORMForFMDB.debug.xcconfig */,
				5629DB6D12D160742B1B8269 /* Pods-ORMForFMDB.release.xcconfig */,
				7D64CAFB1B31CBDBD56F2021 /* Pods-ORMForFMDBTests.debug.xcconfig */,
				ECA6C38A18E137CBA7B18190 /* Pods-ORMForFMDBTests.release.xcconfig */,
			);
			name = Pods;
			sourceTree = "<group>";
		};
/* End PBXGroup section */

/* Begin PBXNativeTarget section */
		84FD8F7422890C3100BC2BE6 /* ORMForFMDB */ = {
			isa = PBXNativeTarget;
			buildConfigurationList = 84FD8F9622890C3200BC2BE6 /* Build configuration list for PBXNativeTarget "ORMForFMDB" */;
			buildPhases = (
				90EDC4500F28B4E2D9D28BC0 /* [CP] Check Pods Manifest.lock */,
				84FD8F7122890C3100BC2BE6 /* Sources */,
				84FD8F7222890C3100BC2BE6 /* Frameworks */,
				84FD8F7322890C3100BC2BE6 /* Resources */,
			);
			buildRules = (
			);
			dependencies = (
			);
			name = ORMForFMDB;
			productName = ORMForFMDB;
			productReference = 84FD8F7522890C3100BC2BE6 /* ORMForFMDB.app */;
			productType = "com.apple.product-type.application";
		};
		84FD8F8C22890C3200BC2BE6 /* ORMForFMDBTests */ = {
			isa = PBXNativeTarget;
			buildConfigurationList = 84FD8F9922890C3200BC2BE6 /* Build configuration list for PBXNativeTarget "ORMForFMDBTests" */;
			buildPhases = (
				25854F126A1FCB21C7F45D10 /* [CP] Check Pods Manifest.lock */,
				84FD8F8922890C3200BC2BE6 /* Sources */,
				84FD8F8A22890C3200BC2BE6 /* Frameworks */,
				84FD8F8B22890C3200BC2BE6 /* Resources */,
			);
			buildRules = (
			);
			dependencies = (
				84FD8F8F22890C3200BC2BE6 /* PBXTargetDependency */,
			);
			name = ORMForFMDBTests;
			productName = ORMForFMDBTests;
			productReference = 84FD8F8D22890C3200BC2BE6 /* ORMForFMDBTests.xctest */;
			productType = "com.apple.product-type.bundle.unit-test";
		};
/* End PBXNativeTarget section */

/* Begin PBXProject section */
		84FD8F6D22890C3100BC2BE6 /* Project object */ = {
			isa = PBXProject;
			attributes = {
				LastUpgradeCheck = 1020;
				ORGANIZATIONNAME = iTBoyer;
				TargetAttributes = {
					84FD8F7422890C3100BC2BE6 = {
						CreatedOnToolsVersion = 10.2.1;
					};
					84FD8F8C22890C3200BC2BE6 = {
						CreatedOnToolsVersion = 10.2.1;
						TestTargetID = 84FD8F7422890C3100BC2BE6;
					};
				};
			};
			buildConfigurationList = 84FD8F7022890C3100BC2BE6 /* Build configuration list for PBXProject "ORMForFMDB" */;
			compatibilityVersion = "Xcode 9.3";
			developmentRegion = en;
			hasScannedForEncodings = 0;
			knownRegions = (
				en,
				Base,
			);
			mainGroup = 84FD8F6C22890C3100BC2BE6;
			productRefGroup = 84FD8F7622890C3100BC2BE6 /* Products */;
			projectDirPath = "";
			projectRoot = "";
			targets = (
				84FD8F7422890C3100BC2BE6 /* ORMForFMDB */,
				84FD8F8C22890C3200BC2BE6 /* ORMForFMDBTests */,
			);
		};
/* End PBXProject section */

/* Begin PBXResourcesBuildPhase section */
		84FD8F7322890C3100BC2BE6 /* Resources */ = {
			isa = PBXResourcesBuildPhase;
			buildActionMask = 2147483647;
			files = (
				84FD8FEA2289175E00BC2BE6 /* class UML.png in Resources */,
				84FD8F8522890C3200BC2BE6 /* LaunchScreen.storyboard in Resources */,
				84FD8F8222890C3200BC2BE6 /* Assets.xcassets in Resources */,
				84FD8F8022890C3100BC2BE6 /* Main.storyboard in Resources */,
			);
			runOnlyForDeploymentPostprocessing = 0;
		};
		84FD8F8B22890C3200BC2BE6 /* Resources */ = {
			isa = PBXResourcesBuildPhase;
			buildActionMask = 2147483647;
			files = (
			);
			runOnlyForDeploymentPostprocessing = 0;
		};
/* End PBXResourcesBuildPhase section */

/* Begin PBXShellScriptBuildPhase section */
		25854F126A1FCB21C7F45D10 /* [CP] Check Pods Manifest.lock */ = {
			isa = PBXShellScriptBuildPhase;
			buildActionMask = 2147483647;
			files = (
			);
			inputFileListPaths = (
			);
			inputPaths = (
				"${PODS_PODFILE_DIR_PATH}/Podfile.lock",
				"${PODS_ROOT}/Manifest.lock",
			);
			name = "[CP] Check Pods Manifest.lock";
			outputFileListPaths = (
			);
			outputPaths = (
				"$(DERIVED_FILE_DIR)/Pods-ORMForFMDBTests-checkManifestLockResult.txt",
			);
			runOnlyForDeploymentPostprocessing = 0;
			shellPath = /bin/sh;
			shellScript = "diff \"${PODS_PODFILE_DIR_PATH}/Podfile.lock\" \"${PODS_ROOT}/Manifest.lock\" > /dev/null\nif [ $? != 0 ] ; then\n    # print error to STDERR\n    echo \"error: The sandbox is not in sync with the Podfile.lock. Run 'pod install' or update your CocoaPods installation.\" >&2\n    exit 1\nfi\n# This output is used by Xcode 'outputs' to avoid re-running this script phase.\necho \"SUCCESS\" > \"${SCRIPT_OUTPUT_FILE_0}\"\n";
			showEnvVarsInLog = 0;
		};
		90EDC4500F28B4E2D9D28BC0 /* [CP] Check Pods Manifest.lock */ = {
			isa = PBXShellScriptBuildPhase;
			buildActionMask = 2147483647;
			files = (
			);
			inputFileListPaths = (
			);
			inputPaths = (
				"${PODS_PODFILE_DIR_PATH}/Podfile.lock",
				"${PODS_ROOT}/Manifest.lock",
			);
			name = "[CP] Check Pods Manifest.lock";
			outputFileListPaths = (
			);
			outputPaths = (
				"$(DERIVED_FILE_DIR)/Pods-ORMForFMDB-checkManifestLockResult.txt",
			);
			runOnlyForDeploymentPostprocessing = 0;
			shellPath = /bin/sh;
			shellScript = "diff \"${PODS_PODFILE_DIR_PATH}/Podfile.lock\" \"${PODS_ROOT}/Manifest.lock\" > /dev/null\nif [ $? != 0 ] ; then\n    # print error to STDERR\n    echo \"error: The sandbox is not in sync with the Podfile.lock. Run 'pod install' or update your CocoaPods installation.\" >&2\n    exit 1\nfi\n# This output is used by Xcode 'outputs' to avoid re-running this script phase.\necho \"SUCCESS\" > \"${SCRIPT_OUTPUT_FILE_0}\"\n";
			showEnvVarsInLog = 0;
		};
/* End PBXShellScriptBuildPhase section */

/* Begin PBXSourcesBuildPhase section */
		84FD8F7122890C3100BC2BE6 /* Sources */ = {
			isa = PBXSourcesBuildPhase;
			buildActionMask = 2147483647;
			files = (
				84FD8FD52289136700BC2BE6 /* BCReferences.m in Sources */,
				84FD8FA822890E8500BC2BE6 /* LKDaoBase.m in Sources */,
				84FD8F7D22890C3100BC2BE6 /* ViewController.m in Sources */,
				84FD8FD72289136700BC2BE6 /* BCSqlParameter.m in Sources */,
				84FD8FD32289136700BC2BE6 /* BCSqlText.m in Sources */,
				84FD8FD02289136700BC2BE6 /* BCSqliteType.m in Sources */,
				84FD8FB82289126500BC2BE6 /* DataFactory.m in Sources */,
				84FD8FB1228911DA00BC2BE6 /* VerificationCodeDao.m in Sources */,
				84FD8FA722890E8500BC2BE6 /* SendFileManager.m in Sources */,
				84FD8FA922890E8500BC2BE6 /* ReceiveFileManager.m in Sources */,
				84FD8F8822890C3200BC2BE6 /* main.m in Sources */,
				84FD8F7A22890C3100BC2BE6 /* AppDelegate.m in Sources */,
				84FD8FD12289136700BC2BE6 /* BCSqlInt.m in Sources */,
				84FD8FAD22890F2800BC2BE6 /* SandboxFile.m in Sources */,
				84FD8FD62289136700BC2BE6 /* BCORMHelper.m in Sources */,
				84FD8FD42289136700BC2BE6 /* BCConstraints.m in Sources */,
				84FD8FE4228913F200BC2BE6 /* FMTokenizers.m in Sources */,
				84FD8FB4228911F200BC2BE6 /* VerificationCodeModel.m in Sources */,
				84FD8FE2228913F200BC2BE6 /* FMDatabase+InMemoryOnDiskIO.m in Sources */,
				84FD8FD22289136700BC2BE6 /* BCSqlReal.m in Sources */,
				84FD8FE82289161A00BC2BE6 /* BCDB-main.m in Sources */,
				84FD8FE3228913F200BC2BE6 /* FMDatabase+FTS3.m in Sources */,
			);
			runOnlyForDeploymentPostprocessing = 0;
		};
		84FD8F8922890C3200BC2BE6 /* Sources */ = {
			isa = PBXSourcesBuildPhase;
			buildActionMask = 2147483647;
			files = (
				84FD8F9222890C3200BC2BE6 /* ORMForFMDBTests.m in Sources */,
			);
			runOnlyForDeploymentPostprocessing = 0;
		};
/* End PBXSourcesBuildPhase section */

/* Begin PBXTargetDependency section */
		84FD8F8F22890C3200BC2BE6 /* PBXTargetDependency */ = {
			isa = PBXTargetDependency;
			target = 84FD8F7422890C3100BC2BE6 /* ORMForFMDB */;
			targetProxy = 84FD8F8E22890C3200BC2BE6 /* PBXContainerItemProxy */;
		};
/* End PBXTargetDependency section */

/* Begin PBXVariantGroup section */
		84FD8F7E22890C3100BC2BE6 /* Main.storyboard */ = {
			isa = PBXVariantGroup;
			children = (
				84FD8F7F22890C3100BC2BE6 /* Base */,
			);
			name = Main.storyboard;
			sourceTree = "<group>";
		};
		84FD8F8322890C3200BC2BE6 /* LaunchScreen.storyboard */ = {
			isa = PBXVariantGroup;
			children = (
				84FD8F8422890C3200BC2BE6 /* Base */,
			);
			name = LaunchScreen.storyboard;
			sourceTree = "<group>";
		};
/* End PBXVariantGroup section */

/* Begin XCBuildConfiguration section */
		84FD8F9422890C3200BC2BE6 /* Debug */ = {
			isa = XCBuildConfiguration;
			buildSettings = {
				ALWAYS_SEARCH_USER_PATHS = NO;
				CLANG_ANALYZER_NONNULL = YES;
				CLANG_ANALYZER_NUMBER_OBJECT_CONVERSION = YES_AGGRESSIVE;
				CLANG_CXX_LANGUAGE_STANDARD = "gnu++14";
				CLANG_CXX_LIBRARY = "libc++";
				CLANG_ENABLE_MODULES = YES;
				CLANG_ENABLE_OBJC_ARC = YES;
				CLANG_ENABLE_OBJC_WEAK = YES;
				CLANG_WARN_BLOCK_CAPTURE_AUTORELEASING = YES;
				CLANG_WARN_BOOL_CONVERSION = YES;
				CLANG_WARN_COMMA = YES;
				CLANG_WARN_CONSTANT_CONVERSION = YES;
				CLANG_WARN_DEPRECATED_OBJC_IMPLEMENTATIONS = YES;
				CLANG_WARN_DIRECT_OBJC_ISA_USAGE = YES_ERROR;
				CLANG_WARN_DOCUMENTATION_COMMENTS = YES;
				CLANG_WARN_EMPTY_BODY = YES;
				CLANG_WARN_ENUM_CONVERSION = YES;
				CLANG_WARN_INFINITE_RECURSION = YES;
				CLANG_WARN_INT_CONVERSION = YES;
				CLANG_WARN_NON_LITERAL_NULL_CONVERSION = YES;
				CLANG_WARN_OBJC_IMPLICIT_RETAIN_SELF = YES;
				CLANG_WARN_OBJC_LITERAL_CONVERSION = YES;
				CLANG_WARN_OBJC_ROOT_CLASS = YES_ERROR;
				CLANG_WARN_RANGE_LOOP_ANALYSIS = YES;
				CLANG_WARN_STRICT_PROTOTYPES = YES;
				CLANG_WARN_SUSPICIOUS_MOVE = YES;
				CLANG_WARN_UNGUARDED_AVAILABILITY = YES_AGGRESSIVE;
				CLANG_WARN_UNREACHABLE_CODE = YES;
				CLANG_WARN__DUPLICATE_METHOD_MATCH = YES;
				CODE_SIGN_IDENTITY = "iPhone Developer";
				COPY_PHASE_STRIP = NO;
				DEBUG_INFORMATION_FORMAT = dwarf;
				ENABLE_STRICT_OBJC_MSGSEND = YES;
				ENABLE_TESTABILITY = YES;
				GCC_C_LANGUAGE_STANDARD = gnu11;
				GCC_DYNAMIC_NO_PIC = NO;
				GCC_NO_COMMON_BLOCKS = YES;
				GCC_OPTIMIZATION_LEVEL = 0;
				GCC_PREPROCESSOR_DEFINITIONS = (
					"DEBUG=1",
					"$(inherited)",
				);
				GCC_WARN_64_TO_32_BIT_CONVERSION = YES;
				GCC_WARN_ABOUT_RETURN_TYPE = YES_ERROR;
				GCC_WARN_UNDECLARED_SELECTOR = YES;
				GCC_WARN_UNINITIALIZED_AUTOS = YES_AGGRESSIVE;
				GCC_WARN_UNUSED_FUNCTION = YES;
				GCC_WARN_UNUSED_VARIABLE = YES;
				IPHONEOS_DEPLOYMENT_TARGET = 12.2;
				MTL_ENABLE_DEBUG_INFO = INCLUDE_SOURCE;
				MTL_FAST_MATH = YES;
				ONLY_ACTIVE_ARCH = YES;
				SDKROOT = iphoneos;
			};
			name = Debug;
		};
		84FD8F9522890C3200BC2BE6 /* Release */ = {
			isa = XCBuildConfiguration;
			buildSettings = {
				ALWAYS_SEARCH_USER_PATHS = NO;
				CLANG_ANALYZER_NONNULL = YES;
				CLANG_ANALYZER_NUMBER_OBJECT_CONVERSION = YES_AGGRESSIVE;
				CLANG_CXX_LANGUAGE_STANDARD = "gnu++14";
				CLANG_CXX_LIBRARY = "libc++";
				CLANG_ENABLE_MODULES = YES;
				CLANG_ENABLE_OBJC_ARC = YES;
				CLANG_ENABLE_OBJC_WEAK = YES;
				CLANG_WARN_BLOCK_CAPTURE_AUTORELEASING = YES;
				CLANG_WARN_BOOL_CONVERSION = YES;
				CLANG_WARN_COMMA = YES;
				CLANG_WARN_CONSTANT_CONVERSION = YES;
				CLANG_WARN_DEPRECATED_OBJC_IMPLEMENTATIONS = YES;
				CLANG_WARN_DIRECT_OBJC_ISA_USAGE = YES_ERROR;
				CLANG_WARN_DOCUMENTATION_COMMENTS = YES;
				CLANG_WARN_EMPTY_BODY = YES;
				CLANG_WARN_ENUM_CONVERSION = YES;
				CLANG_WARN_INFINITE_RECURSION = YES;
				CLANG_WARN_INT_CONVERSION = YES;
				CLANG_WARN_NON_LITERAL_NULL_CONVERSION = YES;
				CLANG_WARN_OBJC_IMPLICIT_RETAIN_SELF = YES;
				CLANG_WARN_OBJC_LITERAL_CONVERSION = YES;
				CLANG_WARN_OBJC_ROOT_CLASS = YES_ERROR;
				CLANG_WARN_RANGE_LOOP_ANALYSIS = YES;
				CLANG_WARN_STRICT_PROTOTYPES = YES;
				CLANG_WARN_SUSPICIOUS_MOVE = YES;
				CLANG_WARN_UNGUARDED_AVAILABILITY = YES_AGGRESSIVE;
				CLANG_WARN_UNREACHABLE_CODE = YES;
				CLANG_WARN__DUPLICATE_METHOD_MATCH = YES;
				CODE_SIGN_IDENTITY = "iPhone Developer";
				COPY_PHASE_STRIP = NO;
				DEBUG_INFORMATION_FORMAT = "dwarf-with-dsym";
				ENABLE_NS_ASSERTIONS = NO;
				ENABLE_STRICT_OBJC_MSGSEND = YES;
				GCC_C_LANGUAGE_STANDARD = gnu11;
				GCC_NO_COMMON_BLOCKS = YES;
				GCC_WARN_64_TO_32_BIT_CONVERSION = YES;
				GCC_WARN_ABOUT_RETURN_TYPE = YES_ERROR;
				GCC_WARN_UNDECLARED_SELECTOR = YES;
				GCC_WARN_UNINITIALIZED_AUTOS = YES_AGGRESSIVE;
				GCC_WARN_UNUSED_FUNCTION = YES;
				GCC_WARN_UNUSED_VARIABLE = YES;
				IPHONEOS_DEPLOYMENT_TARGET = 12.2;
				MTL_ENABLE_DEBUG_INFO = NO;
				MTL_FAST_MATH = YES;
				SDKROOT = iphoneos;
				VALIDATE_PRODUCT = YES;
			};
			name = Release;
		};
		84FD8F9722890C3200BC2BE6 /* Debug */ = {
			isa = XCBuildConfiguration;
			baseConfigurationReference = 65333C1A2F99B0974BBDE556 /* Pods-ORMForFMDB.debug.xcconfig */;
			buildSettings = {
				ASSETCATALOG_COMPILER_APPICON_NAME = AppIcon;
				CODE_SIGN_STYLE = Automatic;
				INFOPLIST_FILE = ORMForFMDB/Info.plist;
				LD_RUNPATH_SEARCH_PATHS = (
					"$(inherited)",
					"@executable_path/Frameworks",
				);
				PRODUCT_BUNDLE_IDENTIFIER = jinher.com.ORMForFMDB;
				PRODUCT_NAME = "$(TARGET_NAME)";
				TARGETED_DEVICE_FAMILY = "1,2";
			};
			name = Debug;
		};
		84FD8F9822890C3200BC2BE6 /* Release */ = {
			isa = XCBuildConfiguration;
			baseConfigurationReference = 5629DB6D12D160742B1B8269 /* Pods-ORMForFMDB.release.xcconfig */;
			buildSettings = {
				ASSETCATALOG_COMPILER_APPICON_NAME = AppIcon;
				CODE_SIGN_STYLE = Automatic;
				INFOPLIST_FILE = ORMForFMDB/Info.plist;
				LD_RUNPATH_SEARCH_PATHS = (
					"$(inherited)",
					"@executable_path/Frameworks",
				);
				PRODUCT_BUNDLE_IDENTIFIER = jinher.com.ORMForFMDB;
				PRODUCT_NAME = "$(TARGET_NAME)";
				TARGETED_DEVICE_FAMILY = "1,2";
			};
			name = Release;
		};
		84FD8F9A22890C3200BC2BE6 /* Debug */ = {
			isa = XCBuildConfiguration;
			baseConfigurationReference = 7D64CAFB1B31CBDBD56F2021 /* Pods-ORMForFMDBTests.debug.xcconfig */;
			buildSettings = {
				BUNDLE_LOADER = "$(TEST_HOST)";
				CODE_SIGN_STYLE = Automatic;
				INFOPLIST_FILE = ORMForFMDBTests/Info.plist;
				LD_RUNPATH_SEARCH_PATHS = (
					"$(inherited)",
					"@executable_path/Frameworks",
					"@loader_path/Frameworks",
				);
				PRODUCT_BUNDLE_IDENTIFIER = jinher.com.ORMForFMDBTests;
				PRODUCT_NAME = "$(TARGET_NAME)";
				TARGETED_DEVICE_FAMILY = "1,2";
				TEST_HOST = "$(BUILT_PRODUCTS_DIR)/ORMForFMDB.app/ORMForFMDB";
			};
			name = Debug;
		};
		84FD8F9B22890C3200BC2BE6 /* Release */ = {
			isa = XCBuildConfiguration;
			baseConfigurationReference = ECA6C38A18E137CBA7B18190 /* Pods-ORMForFMDBTests.release.xcconfig */;
			buildSettings = {
				BUNDLE_LOADER = "$(TEST_HOST)";
				CODE_SIGN_STYLE = Automatic;
				INFOPLIST_FILE = ORMForFMDBTests/Info.plist;
				LD_RUNPATH_SEARCH_PATHS = (
					"$(inherited)",
					"@executable_path/Frameworks",
					"@loader_path/Frameworks",
				);
				PRODUCT_BUNDLE_IDENTIFIER = jinher.com.ORMForFMDBTests;
				PRODUCT_NAME = "$(TARGET_NAME)";
				TARGETED_DEVICE_FAMILY = "1,2";
				TEST_HOST = "$(BUILT_PRODUCTS_DIR)/ORMForFMDB.app/ORMForFMDB";
			};
			name = Release;
		};
/* End XCBuildConfiguration section */

/* Begin XCConfigurationList section */
		84FD8F7022890C3100BC2BE6 /* Build configuration list for PBXProject "ORMForFMDB" */ = {
			isa = XCConfigurationList;
			buildConfigurations = (
				84FD8F9422890C3200BC2BE6 /* Debug */,
				84FD8F9522890C3200BC2BE6 /* Release */,
			);
			defaultConfigurationIsVisible = 0;
			defaultConfigurationName = Release;
		};
		84FD8F9622890C3200BC2BE6 /* Build configuration list for PBXNativeTarget "ORMForFMDB" */ = {
			isa = XCConfigurationList;
			buildConfigurations = (
				84FD8F9722890C3200BC2BE6 /* Debug */,
				84FD8F9822890C3200BC2BE6 /* Release */,
			);
			defaultConfigurationIsVisible = 0;
			defaultConfigurationName = Release;
		};
		84FD8F9922890C3200BC2BE6 /* Build configuration list for PBXNativeTarget "ORMForFMDBTests" */ = {
			isa = XCConfigurationList;
			buildConfigurations = (
				84FD8F9A22890C3200BC2BE6 /* Debug */,
				84FD8F9B22890C3200BC2BE6 /* Release */,
			);
			defaultConfigurationIsVisible = 0;
			defaultConfigurationName = Release;
		};
/* End XCConfigurationList section */
	};
	rootObject = 84FD8F6D22890C3100BC2BE6 /* Project object */;
}
